
Microsoft Visual Studio Solution File, Format Version 12.00
# Visual Studio Version 17
VisualStudioVersion = 17.4.33122.133
MinimumVisualStudioVersion = 10.0.40219.1
Project("{FAE04EC0-301F-11D3-BF4B-00C04F79EFBC}") = "API_Lab_2_Calculator", "API_Lab_2_Calculator\API_Lab_2_Calculator.csproj", "{D69B0A19-1155-4BD3-B6F6-FD6BB47C4099}"
EndProject
Global
	GlobalSection(SolutionConfigurationPlatforms) = preSolution
		Debug|Any CPU = Debug|Any CPU
		Release|Any CPU = Release|Any CPU
	EndGlobalSection
	GlobalSection(ProjectConfigurationPlatforms) = postSolution
		{D69B0A19-1155-4BD3-B6F6-FD6BB47C4099}.Debug|Any CPU.ActiveCfg = Debug|Any CPU
		{D69B0A19-1155-4BD3-B6F6-FD6BB47C4099}.Debug|Any CPU.Build.0 = Debug|Any CPU
		{D69B0A19-1155-4BD3-B6F6-FD6BB47C4099}.Release|Any CPU.ActiveCfg = Release|Any CPU
		{D69B0A19-1155-4BD3-B6F6-FD6BB47C4099}.Release|Any CPU.Build.0 = Release|Any CPU
	EndGlobalSection
	GlobalSection(SolutionProperties) = preSolution
		HideSolutionNode = FALSE
	EndGlobalSection
	GlobalSection(ExtensibilityGlobals) = postSolution
		SolutionGuid = {12554128-313E-4C3E-8E93-D09653900B18}
	EndGlobalSection
EndGlobal
