
Microsoft Visual Studio Solution File, Format Version 12.00
# Visual Studio Version 17
VisualStudioVersion = 17.4.33122.133
MinimumVisualStudioVersion = 10.0.40219.1
Project("{FAE04EC0-301F-11D3-BF4B-00C04F79EFBC}") = "API_Lab_24_MyWS", "API_Lab_24_MyWS\API_Lab_24_MyWS.csproj", "{153891B5-6FCB-4BD6-8C38-8328BEE91946}"
EndProject
Global
	GlobalSection(SolutionConfigurationPlatforms) = preSolution
		Debug|Any CPU = Debug|Any CPU
		Release|Any CPU = Release|Any CPU
	EndGlobalSection
	GlobalSection(ProjectConfigurationPlatforms) = postSolution
		{153891B5-6FCB-4BD6-8C38-8328BEE91946}.Debug|Any CPU.ActiveCfg = Debug|Any CPU
		{153891B5-6FCB-4BD6-8C38-8328BEE91946}.Debug|Any CPU.Build.0 = Debug|Any CPU
		{153891B5-6FCB-4BD6-8C38-8328BEE91946}.Release|Any CPU.ActiveCfg = Release|Any CPU
		{153891B5-6FCB-4BD6-8C38-8328BEE91946}.Release|Any CPU.Build.0 = Release|Any CPU
	EndGlobalSection
	GlobalSection(SolutionProperties) = preSolution
		HideSolutionNode = FALSE
	EndGlobalSection
	GlobalSection(ExtensibilityGlobals) = postSolution
		SolutionGuid = {AE414AF4-A5B0-4A57-8C59-E04A0518AA56}
	EndGlobalSection
EndGlobal
