
Microsoft Visual Studio Solution File, Format Version 12.00
# Visual Studio Version 17
VisualStudioVersion = 17.4.33122.133
MinimumVisualStudioVersion = 10.0.40219.1
Project("{FAE04EC0-301F-11D3-BF4B-00C04F79EFBC}") = "API_Lab_24_Penalty_Cards", "API_Lab_24_Penalty_Cards\API_Lab_24_Penalty_Cards.csproj", "{E57E3927-567B-467F-941B-37E76486B492}"
EndProject
Global
	GlobalSection(SolutionConfigurationPlatforms) = preSolution
		Debug|Any CPU = Debug|Any CPU
		Release|Any CPU = Release|Any CPU
	EndGlobalSection
	GlobalSection(ProjectConfigurationPlatforms) = postSolution
		{E57E3927-567B-467F-941B-37E76486B492}.Debug|Any CPU.ActiveCfg = Debug|Any CPU
		{E57E3927-567B-467F-941B-37E76486B492}.Debug|Any CPU.Build.0 = Debug|Any CPU
		{E57E3927-567B-467F-941B-37E76486B492}.Release|Any CPU.ActiveCfg = Release|Any CPU
		{E57E3927-567B-467F-941B-37E76486B492}.Release|Any CPU.Build.0 = Release|Any CPU
	EndGlobalSection
	GlobalSection(SolutionProperties) = preSolution
		HideSolutionNode = FALSE
	EndGlobalSection
	GlobalSection(ExtensibilityGlobals) = postSolution
		SolutionGuid = {7FC848A6-1043-4367-B1E9-F61572D89054}
	EndGlobalSection
EndGlobal
