
Microsoft Visual Studio Solution File, Format Version 12.00
# Visual Studio Version 17
VisualStudioVersion = 17.4.33122.133
MinimumVisualStudioVersion = 10.0.40219.1
Project("{FAE04EC0-301F-11D3-BF4B-00C04F79EFBC}") = "API_Lab_2_Countries", "API_Lab_2_Countries\API_Lab_2_Countries.csproj", "{422ECEE5-7ACD-47CE-849D-718FA895B616}"
EndProject
Global
	GlobalSection(SolutionConfigurationPlatforms) = preSolution
		Debug|Any CPU = Debug|Any CPU
		Release|Any CPU = Release|Any CPU
	EndGlobalSection
	GlobalSection(ProjectConfigurationPlatforms) = postSolution
		{422ECEE5-7ACD-47CE-849D-718FA895B616}.Debug|Any CPU.ActiveCfg = Debug|Any CPU
		{422ECEE5-7ACD-47CE-849D-718FA895B616}.Debug|Any CPU.Build.0 = Debug|Any CPU
		{422ECEE5-7ACD-47CE-849D-718FA895B616}.Release|Any CPU.ActiveCfg = Release|Any CPU
		{422ECEE5-7ACD-47CE-849D-718FA895B616}.Release|Any CPU.Build.0 = Release|Any CPU
	EndGlobalSection
	GlobalSection(SolutionProperties) = preSolution
		HideSolutionNode = FALSE
	EndGlobalSection
	GlobalSection(ExtensibilityGlobals) = postSolution
		SolutionGuid = {80A96021-FE31-4127-9311-D2B61F6F6422}
	EndGlobalSection
EndGlobal
